
Microsoft Visual Studio Solution File, Format Version 12.00
# Visual Studio 15
VisualStudioVersion = 15.0.26730.10
MinimumVisualStudioVersion = 10.0.40219.1

Project("{6EC3EE1D-3C4E-46DD-8F32-0CC8E7565705}") = "LeakedLink", "LeakedLink\LeakedLink.fsproj", "{9D0809A7-18FC-4218-A6F1-4441F8EE0EFB}"
EndProject

Project("{F2A71F9B-5D33-465A-A702-920D77279786}") = "LeakedLink.Android", "LeakedLink.Android\LeakedLink.Android.fsproj", "{70F98888-5F9F-4A84-A2F0-83AF56419FDD}"
EndProject


Project("{F2A71F9B-5D33-465A-A702-920D77279786}") = "LeakedLink.iOS", "LeakedLink.iOS\LeakedLink.iOS.fsproj", "{EC01990A-55F4-4298-88CA-DD5B9DB2CBF1}"
EndProject




Global
	GlobalSection(SolutionConfigurationPlatforms) = preSolution
		Ad-Hoc|Any CPU = Ad-Hoc|Any CPU
		Ad-Hoc|ARM = Ad-Hoc|ARM
		Ad-Hoc|iPhone = Ad-Hoc|iPhone
		Ad-Hoc|iPhoneSimulator = Ad-Hoc|iPhoneSimulator
		Ad-Hoc|x64 = Ad-Hoc|x64
		Ad-Hoc|x86 = Ad-Hoc|x86
		AppStore|Any CPU = AppStore|Any CPU
		AppStore|ARM = AppStore|ARM
		AppStore|iPhone = AppStore|iPhone
		AppStore|iPhoneSimulator = AppStore|iPhoneSimulator
		AppStore|x64 = AppStore|x64
		AppStore|x86 = AppStore|x86
		Debug|Any CPU = Debug|Any CPU
		Debug|ARM = Debug|ARM
		Debug|iPhone = Debug|iPhone
		Debug|iPhoneSimulator = Debug|iPhoneSimulator
		Debug|x64 = Debug|x64
		Debug|x86 = Debug|x86
		Release|Any CPU = Release|Any CPU
		Release|ARM = Release|ARM
		Release|iPhone = Release|iPhone
		Release|iPhoneSimulator = Release|iPhoneSimulator
		Release|x64 = Release|x64
		Release|x86 = Release|x86
	EndGlobalSection
	GlobalSection(ProjectConfigurationPlatforms) = postSolution
		{9D0809A7-18FC-4218-A6F1-4441F8EE0EFB}.Ad-Hoc|Any CPU.ActiveCfg = Debug|Any CPU
		{9D0809A7-18FC-4218-A6F1-4441F8EE0EFB}.Ad-Hoc|Any CPU.Build.0 = Debug|Any CPU
		{9D0809A7-18FC-4218-A6F1-4441F8EE0EFB}.Ad-Hoc|ARM.ActiveCfg = Debug|Any CPU
		{9D0809A7-18FC-4218-A6F1-4441F8EE0EFB}.Ad-Hoc|ARM.Build.0 = Debug|Any CPU
		{9D0809A7-18FC-4218-A6F1-4441F8EE0EFB}.Ad-Hoc|iPhone.ActiveCfg = Debug|Any CPU
		{9D0809A7-18FC-4218-A6F1-4441F8EE0EFB}.Ad-Hoc|iPhone.Build.0 = Debug|Any CPU
		{9D0809A7-18FC-4218-A6F1-4441F8EE0EFB}.Ad-Hoc|iPhoneSimulator.ActiveCfg = Debug|Any CPU
		{9D0809A7-18FC-4218-A6F1-4441F8EE0EFB}.Ad-Hoc|iPhoneSimulator.Build.0 = Debug|Any CPU
		{9D0809A7-18FC-4218-A6F1-4441F8EE0EFB}.Ad-Hoc|x64.ActiveCfg = Debug|Any CPU
		{9D0809A7-18FC-4218-A6F1-4441F8EE0EFB}.Ad-Hoc|x64.Build.0 = Debug|Any CPU
		{9D0809A7-18FC-4218-A6F1-4441F8EE0EFB}.Ad-Hoc|x86.ActiveCfg = Debug|Any CPU
		{9D0809A7-18FC-4218-A6F1-4441F8EE0EFB}.Ad-Hoc|x86.Build.0 = Debug|Any CPU
		{9D0809A7-18FC-4218-A6F1-4441F8EE0EFB}.AppStore|Any CPU.ActiveCfg = Debug|Any CPU
		{9D0809A7-18FC-4218-A6F1-4441F8EE0EFB}.AppStore|Any CPU.Build.0 = Debug|Any CPU
		{9D0809A7-18FC-4218-A6F1-4441F8EE0EFB}.AppStore|ARM.ActiveCfg = Debug|Any CPU
		{9D0809A7-18FC-4218-A6F1-4441F8EE0EFB}.AppStore|ARM.Build.0 = Debug|Any CPU
		{9D0809A7-18FC-4218-A6F1-4441F8EE0EFB}.AppStore|iPhone.ActiveCfg = Debug|Any CPU
		{9D0809A7-18FC-4218-A6F1-4441F8EE0EFB}.AppStore|iPhone.Build.0 = Debug|Any CPU
		{9D0809A7-18FC-4218-A6F1-4441F8EE0EFB}.AppStore|iPhoneSimulator.ActiveCfg = Debug|Any CPU
		{9D0809A7-18FC-4218-A6F1-4441F8EE0EFB}.AppStore|iPhoneSimulator.Build.0 = Debug|Any CPU
		{9D0809A7-18FC-4218-A6F1-4441F8EE0EFB}.AppStore|x64.ActiveCfg = Debug|Any CPU
		{9D0809A7-18FC-4218-A6F1-4441F8EE0EFB}.AppStore|x64.Build.0 = Debug|Any CPU
		{9D0809A7-18FC-4218-A6F1-4441F8EE0EFB}.AppStore|x86.ActiveCfg = Debug|Any CPU
		{9D0809A7-18FC-4218-A6F1-4441F8EE0EFB}.AppStore|x86.Build.0 = Debug|Any CPU
		{9D0809A7-18FC-4218-A6F1-4441F8EE0EFB}.Debug|Any CPU.ActiveCfg = Debug|Any CPU
		{9D0809A7-18FC-4218-A6F1-4441F8EE0EFB}.Debug|Any CPU.Build.0 = Debug|Any CPU
		{9D0809A7-18FC-4218-A6F1-4441F8EE0EFB}.Debug|ARM.ActiveCfg = Debug|Any CPU
		{9D0809A7-18FC-4218-A6F1-4441F8EE0EFB}.Debug|ARM.Build.0 = Debug|Any CPU
		{9D0809A7-18FC-4218-A6F1-4441F8EE0EFB}.Debug|iPhone.ActiveCfg = Debug|Any CPU
		{9D0809A7-18FC-4218-A6F1-4441F8EE0EFB}.Debug|iPhone.Build.0 = Debug|Any CPU
		{9D0809A7-18FC-4218-A6F1-4441F8EE0EFB}.Debug|iPhoneSimulator.ActiveCfg = Debug|Any CPU
		{9D0809A7-18FC-4218-A6F1-4441F8EE0EFB}.Debug|iPhoneSimulator.Build.0 = Debug|Any CPU
		{9D0809A7-18FC-4218-A6F1-4441F8EE0EFB}.Debug|x64.ActiveCfg = Debug|Any CPU
		{9D0809A7-18FC-4218-A6F1-4441F8EE0EFB}.Debug|x64.Build.0 = Debug|Any CPU
		{9D0809A7-18FC-4218-A6F1-4441F8EE0EFB}.Debug|x86.ActiveCfg = Debug|Any CPU
		{9D0809A7-18FC-4218-A6F1-4441F8EE0EFB}.Debug|x86.Build.0 = Debug|Any CPU
		{9D0809A7-18FC-4218-A6F1-4441F8EE0EFB}.Release|Any CPU.ActiveCfg = Release|Any CPU
		{9D0809A7-18FC-4218-A6F1-4441F8EE0EFB}.Release|Any CPU.Build.0 = Release|Any CPU
		{9D0809A7-18FC-4218-A6F1-4441F8EE0EFB}.Release|ARM.ActiveCfg = Release|Any CPU
		{9D0809A7-18FC-4218-A6F1-4441F8EE0EFB}.Release|ARM.Build.0 = Release|Any CPU
		{9D0809A7-18FC-4218-A6F1-4441F8EE0EFB}.Release|iPhone.ActiveCfg = Release|Any CPU
		{9D0809A7-18FC-4218-A6F1-4441F8EE0EFB}.Release|iPhone.Build.0 = Release|Any CPU
		{9D0809A7-18FC-4218-A6F1-4441F8EE0EFB}.Release|iPhoneSimulator.ActiveCfg = Release|Any CPU
		{9D0809A7-18FC-4218-A6F1-4441F8EE0EFB}.Release|iPhoneSimulator.Build.0 = Release|Any CPU
		{9D0809A7-18FC-4218-A6F1-4441F8EE0EFB}.Release|x64.ActiveCfg = Release|Any CPU
		{9D0809A7-18FC-4218-A6F1-4441F8EE0EFB}.Release|x64.Build.0 = Release|Any CPU
		{9D0809A7-18FC-4218-A6F1-4441F8EE0EFB}.Release|x86.ActiveCfg = Release|Any CPU
		{9D0809A7-18FC-4218-A6F1-4441F8EE0EFB}.Release|x86.Build.0 = Release|Any CPU
		{EC01990A-55F4-4298-88CA-DD5B9DB2CBF1}.Ad-Hoc|Any CPU.ActiveCfg = Ad-Hoc|iPhone
		{EC01990A-55F4-4298-88CA-DD5B9DB2CBF1}.Ad-Hoc|ARM.ActiveCfg = Ad-Hoc|iPhone
		{EC01990A-55F4-4298-88CA-DD5B9DB2CBF1}.Ad-Hoc|iPhone.ActiveCfg = Ad-Hoc|iPhone
		{EC01990A-55F4-4298-88CA-DD5B9DB2CBF1}.Ad-Hoc|iPhone.Build.0 = Ad-Hoc|iPhone
		{EC01990A-55F4-4298-88CA-DD5B9DB2CBF1}.Ad-Hoc|iPhoneSimulator.ActiveCfg = Ad-Hoc|iPhoneSimulator
		{EC01990A-55F4-4298-88CA-DD5B9DB2CBF1}.Ad-Hoc|iPhoneSimulator.Build.0 = Ad-Hoc|iPhoneSimulator
		{EC01990A-55F4-4298-88CA-DD5B9DB2CBF1}.Ad-Hoc|x64.ActiveCfg = Ad-Hoc|iPhone
		{EC01990A-55F4-4298-88CA-DD5B9DB2CBF1}.Ad-Hoc|x86.ActiveCfg = Ad-Hoc|iPhone
		{EC01990A-55F4-4298-88CA-DD5B9DB2CBF1}.AppStore|Any CPU.ActiveCfg = AppStore|iPhone
		{EC01990A-55F4-4298-88CA-DD5B9DB2CBF1}.AppStore|ARM.ActiveCfg = AppStore|iPhone
		{EC01990A-55F4-4298-88CA-DD5B9DB2CBF1}.AppStore|iPhone.ActiveCfg = AppStore|iPhone
		{EC01990A-55F4-4298-88CA-DD5B9DB2CBF1}.AppStore|iPhone.Build.0 = AppStore|iPhone
		{EC01990A-55F4-4298-88CA-DD5B9DB2CBF1}.AppStore|iPhoneSimulator.ActiveCfg = AppStore|iPhoneSimulator
		{EC01990A-55F4-4298-88CA-DD5B9DB2CBF1}.AppStore|iPhoneSimulator.Build.0 = AppStore|iPhoneSimulator
		{EC01990A-55F4-4298-88CA-DD5B9DB2CBF1}.AppStore|x64.ActiveCfg = AppStore|iPhone
		{EC01990A-55F4-4298-88CA-DD5B9DB2CBF1}.AppStore|x86.ActiveCfg = AppStore|iPhone
		{EC01990A-55F4-4298-88CA-DD5B9DB2CBF1}.Debug|Any CPU.ActiveCfg = Debug|iPhone
		{EC01990A-55F4-4298-88CA-DD5B9DB2CBF1}.Debug|ARM.ActiveCfg = Debug|iPhone
		{EC01990A-55F4-4298-88CA-DD5B9DB2CBF1}.Debug|iPhone.ActiveCfg = Debug|iPhone
		{EC01990A-55F4-4298-88CA-DD5B9DB2CBF1}.Debug|iPhone.Build.0 = Debug|iPhone
		{EC01990A-55F4-4298-88CA-DD5B9DB2CBF1}.Debug|iPhoneSimulator.ActiveCfg = Debug|iPhoneSimulator
		{EC01990A-55F4-4298-88CA-DD5B9DB2CBF1}.Debug|iPhoneSimulator.Build.0 = Debug|iPhoneSimulator
		{EC01990A-55F4-4298-88CA-DD5B9DB2CBF1}.Debug|x64.ActiveCfg = Debug|iPhone
		{EC01990A-55F4-4298-88CA-DD5B9DB2CBF1}.Debug|x86.ActiveCfg = Debug|iPhone
		{EC01990A-55F4-4298-88CA-DD5B9DB2CBF1}.Release|Any CPU.ActiveCfg = Release|iPhone
		{EC01990A-55F4-4298-88CA-DD5B9DB2CBF1}.Release|ARM.ActiveCfg = Release|iPhone
		{EC01990A-55F4-4298-88CA-DD5B9DB2CBF1}.Release|iPhone.ActiveCfg = Release|iPhone
		{EC01990A-55F4-4298-88CA-DD5B9DB2CBF1}.Release|iPhone.Build.0 = Release|iPhone
		{EC01990A-55F4-4298-88CA-DD5B9DB2CBF1}.Release|iPhoneSimulator.ActiveCfg = Release|iPhoneSimulator
		{EC01990A-55F4-4298-88CA-DD5B9DB2CBF1}.Release|iPhoneSimulator.Build.0 = Release|iPhoneSimulator
		{EC01990A-55F4-4298-88CA-DD5B9DB2CBF1}.Release|x64.ActiveCfg = Release|iPhone
		{EC01990A-55F4-4298-88CA-DD5B9DB2CBF1}.Release|x86.ActiveCfg = Release|iPhone
		{5B6BA8D2-7163-4117-ACF7-3186C606969A}.Ad-Hoc|Any CPU.ActiveCfg = Release|x86
		{5B6BA8D2-7163-4117-ACF7-3186C606969A}.Ad-Hoc|Any CPU.Build.0 = Release|x86
		{5B6BA8D2-7163-4117-ACF7-3186C606969A}.Ad-Hoc|Any CPU.Deploy.0 = Release|x86
		{5B6BA8D2-7163-4117-ACF7-3186C606969A}.Ad-Hoc|ARM.ActiveCfg = Release|ARM
		{5B6BA8D2-7163-4117-ACF7-3186C606969A}.Ad-Hoc|ARM.Build.0 = Release|ARM
		{5B6BA8D2-7163-4117-ACF7-3186C606969A}.Ad-Hoc|ARM.Deploy.0 = Release|ARM
		{5B6BA8D2-7163-4117-ACF7-3186C606969A}.Ad-Hoc|iPhone.ActiveCfg = Release|x86
		{5B6BA8D2-7163-4117-ACF7-3186C606969A}.Ad-Hoc|iPhone.Build.0 = Release|x86
		{5B6BA8D2-7163-4117-ACF7-3186C606969A}.Ad-Hoc|iPhone.Deploy.0 = Release|x86
		{5B6BA8D2-7163-4117-ACF7-3186C606969A}.Ad-Hoc|iPhoneSimulator.ActiveCfg = Release|x86
		{5B6BA8D2-7163-4117-ACF7-3186C606969A}.Ad-Hoc|iPhoneSimulator.Build.0 = Release|x86
		{5B6BA8D2-7163-4117-ACF7-3186C606969A}.Ad-Hoc|iPhoneSimulator.Deploy.0 = Release|x86
		{5B6BA8D2-7163-4117-ACF7-3186C606969A}.Ad-Hoc|x64.ActiveCfg = Release|x64
		{5B6BA8D2-7163-4117-ACF7-3186C606969A}.Ad-Hoc|x64.Build.0 = Release|x64
		{5B6BA8D2-7163-4117-ACF7-3186C606969A}.Ad-Hoc|x64.Deploy.0 = Release|x64
		{5B6BA8D2-7163-4117-ACF7-3186C606969A}.Ad-Hoc|x86.ActiveCfg = Release|x86
		{5B6BA8D2-7163-4117-ACF7-3186C606969A}.Ad-Hoc|x86.Build.0 = Release|x86
		{5B6BA8D2-7163-4117-ACF7-3186C606969A}.Ad-Hoc|x86.Deploy.0 = Release|x86
		{5B6BA8D2-7163-4117-ACF7-3186C606969A}.AppStore|Any CPU.ActiveCfg = Release|x86
		{5B6BA8D2-7163-4117-ACF7-3186C606969A}.AppStore|Any CPU.Build.0 = Release|x86
		{5B6BA8D2-7163-4117-ACF7-3186C606969A}.AppStore|Any CPU.Deploy.0 = Release|x86
		{5B6BA8D2-7163-4117-ACF7-3186C606969A}.AppStore|ARM.ActiveCfg = Release|ARM
		{5B6BA8D2-7163-4117-ACF7-3186C606969A}.AppStore|ARM.Build.0 = Release|ARM
		{5B6BA8D2-7163-4117-ACF7-3186C606969A}.AppStore|ARM.Deploy.0 = Release|ARM
		{5B6BA8D2-7163-4117-ACF7-3186C606969A}.AppStore|iPhone.ActiveCfg = Release|x86
		{5B6BA8D2-7163-4117-ACF7-3186C606969A}.AppStore|iPhone.Build.0 = Release|x86
		{5B6BA8D2-7163-4117-ACF7-3186C606969A}.AppStore|iPhone.Deploy.0 = Release|x86
		{5B6BA8D2-7163-4117-ACF7-3186C606969A}.AppStore|iPhoneSimulator.ActiveCfg = Release|x86
		{5B6BA8D2-7163-4117-ACF7-3186C606969A}.AppStore|iPhoneSimulator.Build.0 = Release|x86
		{5B6BA8D2-7163-4117-ACF7-3186C606969A}.AppStore|iPhoneSimulator.Deploy.0 = Release|x86
		{5B6BA8D2-7163-4117-ACF7-3186C606969A}.AppStore|x64.ActiveCfg = Release|x64
		{5B6BA8D2-7163-4117-ACF7-3186C606969A}.AppStore|x64.Build.0 = Release|x64
		{5B6BA8D2-7163-4117-ACF7-3186C606969A}.AppStore|x64.Deploy.0 = Release|x64
		{5B6BA8D2-7163-4117-ACF7-3186C606969A}.AppStore|x86.ActiveCfg = Release|x86
		{5B6BA8D2-7163-4117-ACF7-3186C606969A}.AppStore|x86.Build.0 = Release|x86
		{5B6BA8D2-7163-4117-ACF7-3186C606969A}.AppStore|x86.Deploy.0 = Release|x86
		{5B6BA8D2-7163-4117-ACF7-3186C606969A}.Debug|Any CPU.ActiveCfg = Debug|x86
		{5B6BA8D2-7163-4117-ACF7-3186C606969A}.Debug|ARM.ActiveCfg = Debug|ARM
		{5B6BA8D2-7163-4117-ACF7-3186C606969A}.Debug|ARM.Build.0 = Debug|ARM
		{5B6BA8D2-7163-4117-ACF7-3186C606969A}.Debug|ARM.Deploy.0 = Debug|ARM
		{5B6BA8D2-7163-4117-ACF7-3186C606969A}.Debug|iPhone.ActiveCfg = Debug|x86
		{5B6BA8D2-7163-4117-ACF7-3186C606969A}.Debug|iPhoneSimulator.ActiveCfg = Debug|x86
		{5B6BA8D2-7163-4117-ACF7-3186C606969A}.Debug|x64.ActiveCfg = Debug|x64
		{5B6BA8D2-7163-4117-ACF7-3186C606969A}.Debug|x64.Build.0 = Debug|x64
		{5B6BA8D2-7163-4117-ACF7-3186C606969A}.Debug|x64.Deploy.0 = Debug|x64
		{5B6BA8D2-7163-4117-ACF7-3186C606969A}.Debug|x86.ActiveCfg = Debug|x86
		{5B6BA8D2-7163-4117-ACF7-3186C606969A}.Debug|x86.Build.0 = Debug|x86
		{5B6BA8D2-7163-4117-ACF7-3186C606969A}.Debug|x86.Deploy.0 = Debug|x86
		{5B6BA8D2-7163-4117-ACF7-3186C606969A}.Release|Any CPU.ActiveCfg = Release|x86
		{5B6BA8D2-7163-4117-ACF7-3186C606969A}.Release|ARM.ActiveCfg = Release|ARM
		{5B6BA8D2-7163-4117-ACF7-3186C606969A}.Release|ARM.Build.0 = Release|ARM
		{5B6BA8D2-7163-4117-ACF7-3186C606969A}.Release|ARM.Deploy.0 = Release|ARM
		{5B6BA8D2-7163-4117-ACF7-3186C606969A}.Release|iPhone.ActiveCfg = Release|x86
		{5B6BA8D2-7163-4117-ACF7-3186C606969A}.Release|iPhoneSimulator.ActiveCfg = Release|x86
		{5B6BA8D2-7163-4117-ACF7-3186C606969A}.Release|x64.ActiveCfg = Release|x64
		{5B6BA8D2-7163-4117-ACF7-3186C606969A}.Release|x64.Build.0 = Release|x64
		{5B6BA8D2-7163-4117-ACF7-3186C606969A}.Release|x64.Deploy.0 = Release|x64
		{5B6BA8D2-7163-4117-ACF7-3186C606969A}.Release|x86.ActiveCfg = Release|x86
		{5B6BA8D2-7163-4117-ACF7-3186C606969A}.Release|x86.Build.0 = Release|x86
		{5B6BA8D2-7163-4117-ACF7-3186C606969A}.Release|x86.Deploy.0 = Release|x86
		{BD4957BB-ACF8-47FF-BB33-4581228260DD}.Ad-Hoc|Any CPU.ActiveCfg = Release|Any CPU
		{BD4957BB-ACF8-47FF-BB33-4581228260DD}.Ad-Hoc|Any CPU.Build.0 = Release|Any CPU
		{BD4957BB-ACF8-47FF-BB33-4581228260DD}.Ad-Hoc|ARM.ActiveCfg = Release|Any CPU
		{BD4957BB-ACF8-47FF-BB33-4581228260DD}.Ad-Hoc|ARM.Build.0 = Release|Any CPU
		{BD4957BB-ACF8-47FF-BB33-4581228260DD}.Ad-Hoc|iPhone.ActiveCfg = Release|Any CPU
		{BD4957BB-ACF8-47FF-BB33-4581228260DD}.Ad-Hoc|iPhone.Build.0 = Release|Any CPU
		{BD4957BB-ACF8-47FF-BB33-4581228260DD}.Ad-Hoc|iPhoneSimulator.ActiveCfg = Release|Any CPU
		{BD4957BB-ACF8-47FF-BB33-4581228260DD}.Ad-Hoc|iPhoneSimulator.Build.0 = Release|Any CPU
		{BD4957BB-ACF8-47FF-BB33-4581228260DD}.Ad-Hoc|x64.ActiveCfg = Release|Any CPU
		{BD4957BB-ACF8-47FF-BB33-4581228260DD}.Ad-Hoc|x64.Build.0 = Release|Any CPU
		{BD4957BB-ACF8-47FF-BB33-4581228260DD}.Ad-Hoc|x86.ActiveCfg = Release|Any CPU
		{BD4957BB-ACF8-47FF-BB33-4581228260DD}.Ad-Hoc|x86.Build.0 = Release|Any CPU
		{BD4957BB-ACF8-47FF-BB33-4581228260DD}.AppStore|Any CPU.ActiveCfg = Release|Any CPU
		{BD4957BB-ACF8-47FF-BB33-4581228260DD}.AppStore|Any CPU.Build.0 = Release|Any CPU
		{BD4957BB-ACF8-47FF-BB33-4581228260DD}.AppStore|ARM.ActiveCfg = Release|Any CPU
		{BD4957BB-ACF8-47FF-BB33-4581228260DD}.AppStore|ARM.Build.0 = Release|Any CPU
		{BD4957BB-ACF8-47FF-BB33-4581228260DD}.AppStore|iPhone.ActiveCfg = Release|Any CPU
		{BD4957BB-ACF8-47FF-BB33-4581228260DD}.AppStore|iPhone.Build.0 = Release|Any CPU
		{BD4957BB-ACF8-47FF-BB33-4581228260DD}.AppStore|iPhoneSimulator.ActiveCfg = Release|Any CPU
		{BD4957BB-ACF8-47FF-BB33-4581228260DD}.AppStore|iPhoneSimulator.Build.0 = Release|Any CPU
		{BD4957BB-ACF8-47FF-BB33-4581228260DD}.AppStore|x64.ActiveCfg = Release|Any CPU
		{BD4957BB-ACF8-47FF-BB33-4581228260DD}.AppStore|x64.Build.0 = Release|Any CPU
		{BD4957BB-ACF8-47FF-BB33-4581228260DD}.AppStore|x86.ActiveCfg = Release|Any CPU
		{BD4957BB-ACF8-47FF-BB33-4581228260DD}.AppStore|x86.Build.0 = Release|Any CPU
		{BD4957BB-ACF8-47FF-BB33-4581228260DD}.Debug|Any CPU.ActiveCfg = Debug|Any CPU
		{BD4957BB-ACF8-47FF-BB33-4581228260DD}.Debug|Any CPU.Build.0 = Debug|Any CPU
		{BD4957BB-ACF8-47FF-BB33-4581228260DD}.Debug|ARM.ActiveCfg = Debug|Any CPU
		{BD4957BB-ACF8-47FF-BB33-4581228260DD}.Debug|ARM.Build.0 = Debug|Any CPU
		{BD4957BB-ACF8-47FF-BB33-4581228260DD}.Debug|iPhone.ActiveCfg = Debug|Any CPU
		{BD4957BB-ACF8-47FF-BB33-4581228260DD}.Debug|iPhone.Build.0 = Debug|Any CPU
		{BD4957BB-ACF8-47FF-BB33-4581228260DD}.Debug|iPhoneSimulator.ActiveCfg = Debug|Any CPU
		{BD4957BB-ACF8-47FF-BB33-4581228260DD}.Debug|iPhoneSimulator.Build.0 = Debug|Any CPU
		{BD4957BB-ACF8-47FF-BB33-4581228260DD}.Debug|x64.ActiveCfg = Debug|Any CPU
		{BD4957BB-ACF8-47FF-BB33-4581228260DD}.Debug|x64.Build.0 = Debug|Any CPU
		{BD4957BB-ACF8-47FF-BB33-4581228260DD}.Debug|x86.ActiveCfg = Debug|Any CPU
		{BD4957BB-ACF8-47FF-BB33-4581228260DD}.Debug|x86.Build.0 = Debug|Any CPU
		{BD4957BB-ACF8-47FF-BB33-4581228260DD}.Release|Any CPU.ActiveCfg = Release|Any CPU
		{BD4957BB-ACF8-47FF-BB33-4581228260DD}.Release|Any CPU.Build.0 = Release|Any CPU
		{BD4957BB-ACF8-47FF-BB33-4581228260DD}.Release|ARM.ActiveCfg = Release|Any CPU
		{BD4957BB-ACF8-47FF-BB33-4581228260DD}.Release|ARM.Build.0 = Release|Any CPU
		{BD4957BB-ACF8-47FF-BB33-4581228260DD}.Release|iPhone.ActiveCfg = Release|Any CPU
		{BD4957BB-ACF8-47FF-BB33-4581228260DD}.Release|iPhone.Build.0 = Release|Any CPU
		{BD4957BB-ACF8-47FF-BB33-4581228260DD}.Release|iPhoneSimulator.ActiveCfg = Release|Any CPU
		{BD4957BB-ACF8-47FF-BB33-4581228260DD}.Release|iPhoneSimulator.Build.0 = Release|Any CPU
		{BD4957BB-ACF8-47FF-BB33-4581228260DD}.Release|x64.ActiveCfg = Release|Any CPU
		{BD4957BB-ACF8-47FF-BB33-4581228260DD}.Release|x64.Build.0 = Release|Any CPU
		{BD4957BB-ACF8-47FF-BB33-4581228260DD}.Release|x86.ActiveCfg = Release|Any CPU
		{BD4957BB-ACF8-47FF-BB33-4581228260DD}.Release|x86.Build.0 = Release|Any CPU
		{EBAB98CB-2BF9-4FD7-81F6-56A1A9263FF8}.Ad-Hoc|Any CPU.ActiveCfg = Release|Any CPU
		{EBAB98CB-2BF9-4FD7-81F6-56A1A9263FF8}.Ad-Hoc|Any CPU.Build.0 = Release|Any CPU
		{EBAB98CB-2BF9-4FD7-81F6-56A1A9263FF8}.Ad-Hoc|ARM.ActiveCfg = Release|Any CPU
		{EBAB98CB-2BF9-4FD7-81F6-56A1A9263FF8}.Ad-Hoc|ARM.Build.0 = Release|Any CPU
		{EBAB98CB-2BF9-4FD7-81F6-56A1A9263FF8}.Ad-Hoc|iPhone.ActiveCfg = Release|Any CPU
		{EBAB98CB-2BF9-4FD7-81F6-56A1A9263FF8}.Ad-Hoc|iPhone.Build.0 = Release|Any CPU
		{EBAB98CB-2BF9-4FD7-81F6-56A1A9263FF8}.Ad-Hoc|iPhoneSimulator.ActiveCfg = Release|Any CPU
		{EBAB98CB-2BF9-4FD7-81F6-56A1A9263FF8}.Ad-Hoc|iPhoneSimulator.Build.0 = Release|Any CPU
		{EBAB98CB-2BF9-4FD7-81F6-56A1A9263FF8}.Ad-Hoc|x64.ActiveCfg = Release|Any CPU
		{EBAB98CB-2BF9-4FD7-81F6-56A1A9263FF8}.Ad-Hoc|x64.Build.0 = Release|Any CPU
		{EBAB98CB-2BF9-4FD7-81F6-56A1A9263FF8}.Ad-Hoc|x86.ActiveCfg = Release|Any CPU
		{EBAB98CB-2BF9-4FD7-81F6-56A1A9263FF8}.Ad-Hoc|x86.Build.0 = Release|Any CPU
		{EBAB98CB-2BF9-4FD7-81F6-56A1A9263FF8}.AppStore|Any CPU.ActiveCfg = Release|Any CPU
		{EBAB98CB-2BF9-4FD7-81F6-56A1A9263FF8}.AppStore|Any CPU.Build.0 = Release|Any CPU
		{EBAB98CB-2BF9-4FD7-81F6-56A1A9263FF8}.AppStore|ARM.ActiveCfg = Release|Any CPU
		{EBAB98CB-2BF9-4FD7-81F6-56A1A9263FF8}.AppStore|ARM.Build.0 = Release|Any CPU
		{EBAB98CB-2BF9-4FD7-81F6-56A1A9263FF8}.AppStore|iPhone.ActiveCfg = Release|Any CPU
		{EBAB98CB-2BF9-4FD7-81F6-56A1A9263FF8}.AppStore|iPhone.Build.0 = Release|Any CPU
		{EBAB98CB-2BF9-4FD7-81F6-56A1A9263FF8}.AppStore|iPhoneSimulator.ActiveCfg = Release|Any CPU
		{EBAB98CB-2BF9-4FD7-81F6-56A1A9263FF8}.AppStore|iPhoneSimulator.Build.0 = Release|Any CPU
		{EBAB98CB-2BF9-4FD7-81F6-56A1A9263FF8}.AppStore|x64.ActiveCfg = Release|Any CPU
		{EBAB98CB-2BF9-4FD7-81F6-56A1A9263FF8}.AppStore|x64.Build.0 = Release|Any CPU
		{EBAB98CB-2BF9-4FD7-81F6-56A1A9263FF8}.AppStore|x86.ActiveCfg = Release|Any CPU
		{EBAB98CB-2BF9-4FD7-81F6-56A1A9263FF8}.AppStore|x86.Build.0 = Release|Any CPU
		{EBAB98CB-2BF9-4FD7-81F6-56A1A9263FF8}.Debug|Any CPU.ActiveCfg = Debug|Any CPU
		{EBAB98CB-2BF9-4FD7-81F6-56A1A9263FF8}.Debug|Any CPU.Build.0 = Debug|Any CPU
		{EBAB98CB-2BF9-4FD7-81F6-56A1A9263FF8}.Debug|ARM.ActiveCfg = Debug|Any CPU
		{EBAB98CB-2BF9-4FD7-81F6-56A1A9263FF8}.Debug|ARM.Build.0 = Debug|Any CPU
		{EBAB98CB-2BF9-4FD7-81F6-56A1A9263FF8}.Debug|iPhone.ActiveCfg = Debug|Any CPU
		{EBAB98CB-2BF9-4FD7-81F6-56A1A9263FF8}.Debug|iPhone.Build.0 = Debug|Any CPU
		{EBAB98CB-2BF9-4FD7-81F6-56A1A9263FF8}.Debug|iPhoneSimulator.ActiveCfg = Debug|Any CPU
		{EBAB98CB-2BF9-4FD7-81F6-56A1A9263FF8}.Debug|iPhoneSimulator.Build.0 = Debug|Any CPU
		{EBAB98CB-2BF9-4FD7-81F6-56A1A9263FF8}.Debug|x64.ActiveCfg = Debug|Any CPU
		{EBAB98CB-2BF9-4FD7-81F6-56A1A9263FF8}.Debug|x64.Build.0 = Debug|Any CPU
		{EBAB98CB-2BF9-4FD7-81F6-56A1A9263FF8}.Debug|x86.ActiveCfg = Debug|Any CPU
		{EBAB98CB-2BF9-4FD7-81F6-56A1A9263FF8}.Debug|x86.Build.0 = Debug|Any CPU
		{EBAB98CB-2BF9-4FD7-81F6-56A1A9263FF8}.Release|Any CPU.ActiveCfg = Release|Any CPU
		{EBAB98CB-2BF9-4FD7-81F6-56A1A9263FF8}.Release|Any CPU.Build.0 = Release|Any CPU
		{EBAB98CB-2BF9-4FD7-81F6-56A1A9263FF8}.Release|ARM.ActiveCfg = Release|Any CPU
		{EBAB98CB-2BF9-4FD7-81F6-56A1A9263FF8}.Release|ARM.Build.0 = Release|Any CPU
		{EBAB98CB-2BF9-4FD7-81F6-56A1A9263FF8}.Release|iPhone.ActiveCfg = Release|Any CPU
		{EBAB98CB-2BF9-4FD7-81F6-56A1A9263FF8}.Release|iPhone.Build.0 = Release|Any CPU
		{EBAB98CB-2BF9-4FD7-81F6-56A1A9263FF8}.Release|iPhoneSimulator.ActiveCfg = Release|Any CPU
		{EBAB98CB-2BF9-4FD7-81F6-56A1A9263FF8}.Release|iPhoneSimulator.Build.0 = Release|Any CPU
		{EBAB98CB-2BF9-4FD7-81F6-56A1A9263FF8}.Release|x64.ActiveCfg = Release|Any CPU
		{EBAB98CB-2BF9-4FD7-81F6-56A1A9263FF8}.Release|x64.Build.0 = Release|Any CPU
		{EBAB98CB-2BF9-4FD7-81F6-56A1A9263FF8}.Release|x86.ActiveCfg = Release|Any CPU
		{EBAB98CB-2BF9-4FD7-81F6-56A1A9263FF8}.Release|x86.Build.0 = Release|Any CPU
		{70F98888-5F9F-4A84-A2F0-83AF56419FDD}.Ad-Hoc|Any CPU.ActiveCfg = Release|Any CPU
		{70F98888-5F9F-4A84-A2F0-83AF56419FDD}.Ad-Hoc|Any CPU.Build.0 = Release|Any CPU
		{70F98888-5F9F-4A84-A2F0-83AF56419FDD}.Ad-Hoc|ARM.ActiveCfg = Release|Any CPU
		{70F98888-5F9F-4A84-A2F0-83AF56419FDD}.Ad-Hoc|ARM.Build.0 = Release|Any CPU
		{70F98888-5F9F-4A84-A2F0-83AF56419FDD}.Ad-Hoc|iPhone.ActiveCfg = Release|Any CPU
		{70F98888-5F9F-4A84-A2F0-83AF56419FDD}.Ad-Hoc|iPhone.Build.0 = Release|Any CPU
		{70F98888-5F9F-4A84-A2F0-83AF56419FDD}.Ad-Hoc|iPhoneSimulator.ActiveCfg = Release|Any CPU
		{70F98888-5F9F-4A84-A2F0-83AF56419FDD}.Ad-Hoc|iPhoneSimulator.Build.0 = Release|Any CPU
		{70F98888-5F9F-4A84-A2F0-83AF56419FDD}.Ad-Hoc|x64.ActiveCfg = Release|Any CPU
		{70F98888-5F9F-4A84-A2F0-83AF56419FDD}.Ad-Hoc|x64.Build.0 = Release|Any CPU
		{70F98888-5F9F-4A84-A2F0-83AF56419FDD}.Ad-Hoc|x86.ActiveCfg = Release|Any CPU
		{70F98888-5F9F-4A84-A2F0-83AF56419FDD}.Ad-Hoc|x86.Build.0 = Release|Any CPU
		{70F98888-5F9F-4A84-A2F0-83AF56419FDD}.AppStore|Any CPU.ActiveCfg = Release|Any CPU
		{70F98888-5F9F-4A84-A2F0-83AF56419FDD}.AppStore|Any CPU.Build.0 = Release|Any CPU
		{70F98888-5F9F-4A84-A2F0-83AF56419FDD}.AppStore|ARM.ActiveCfg = Release|Any CPU
		{70F98888-5F9F-4A84-A2F0-83AF56419FDD}.AppStore|ARM.Build.0 = Release|Any CPU
		{70F98888-5F9F-4A84-A2F0-83AF56419FDD}.AppStore|iPhone.ActiveCfg = Release|Any CPU
		{70F98888-5F9F-4A84-A2F0-83AF56419FDD}.AppStore|iPhone.Build.0 = Release|Any CPU
		{70F98888-5F9F-4A84-A2F0-83AF56419FDD}.AppStore|iPhoneSimulator.ActiveCfg = Release|Any CPU
		{70F98888-5F9F-4A84-A2F0-83AF56419FDD}.AppStore|iPhoneSimulator.Build.0 = Release|Any CPU
		{70F98888-5F9F-4A84-A2F0-83AF56419FDD}.AppStore|x64.ActiveCfg = Release|Any CPU
		{70F98888-5F9F-4A84-A2F0-83AF56419FDD}.AppStore|x64.Build.0 = Release|Any CPU
		{70F98888-5F9F-4A84-A2F0-83AF56419FDD}.AppStore|x86.ActiveCfg = Release|Any CPU
		{70F98888-5F9F-4A84-A2F0-83AF56419FDD}.AppStore|x86.Build.0 = Release|Any CPU
		{70F98888-5F9F-4A84-A2F0-83AF56419FDD}.Debug|Any CPU.ActiveCfg = Debug|Any CPU
		{70F98888-5F9F-4A84-A2F0-83AF56419FDD}.Debug|Any CPU.Build.0 = Debug|Any CPU
		{70F98888-5F9F-4A84-A2F0-83AF56419FDD}.Debug|Any CPU.Deploy.0 = Debug|Any CPU
		{70F98888-5F9F-4A84-A2F0-83AF56419FDD}.Debug|ARM.ActiveCfg = Debug|Any CPU
		{70F98888-5F9F-4A84-A2F0-83AF56419FDD}.Debug|ARM.Build.0 = Debug|Any CPU
		{70F98888-5F9F-4A84-A2F0-83AF56419FDD}.Debug|iPhone.ActiveCfg = Debug|Any CPU
		{70F98888-5F9F-4A84-A2F0-83AF56419FDD}.Debug|iPhone.Build.0 = Debug|Any CPU
		{70F98888-5F9F-4A84-A2F0-83AF56419FDD}.Debug|iPhoneSimulator.ActiveCfg = Debug|Any CPU
		{70F98888-5F9F-4A84-A2F0-83AF56419FDD}.Debug|iPhoneSimulator.Build.0 = Debug|Any CPU
		{70F98888-5F9F-4A84-A2F0-83AF56419FDD}.Debug|x64.ActiveCfg = Debug|Any CPU
		{70F98888-5F9F-4A84-A2F0-83AF56419FDD}.Debug|x64.Build.0 = Debug|Any CPU
		{70F98888-5F9F-4A84-A2F0-83AF56419FDD}.Debug|x86.ActiveCfg = Debug|Any CPU
		{70F98888-5F9F-4A84-A2F0-83AF56419FDD}.Debug|x86.Build.0 = Debug|Any CPU
		{70F98888-5F9F-4A84-A2F0-83AF56419FDD}.Release|Any CPU.ActiveCfg = Release|Any CPU
		{70F98888-5F9F-4A84-A2F0-83AF56419FDD}.Release|Any CPU.Build.0 = Release|Any CPU
		{70F98888-5F9F-4A84-A2F0-83AF56419FDD}.Release|Any CPU.Deploy.0 = Release|Any CPU
		{70F98888-5F9F-4A84-A2F0-83AF56419FDD}.Release|ARM.ActiveCfg = Release|Any CPU
		{70F98888-5F9F-4A84-A2F0-83AF56419FDD}.Release|ARM.Build.0 = Release|Any CPU
		{70F98888-5F9F-4A84-A2F0-83AF56419FDD}.Release|iPhone.ActiveCfg = Release|Any CPU
		{70F98888-5F9F-4A84-A2F0-83AF56419FDD}.Release|iPhone.Build.0 = Release|Any CPU
		{70F98888-5F9F-4A84-A2F0-83AF56419FDD}.Release|iPhoneSimulator.ActiveCfg = Release|Any CPU
		{70F98888-5F9F-4A84-A2F0-83AF56419FDD}.Release|iPhoneSimulator.Build.0 = Release|Any CPU
		{70F98888-5F9F-4A84-A2F0-83AF56419FDD}.Release|x64.ActiveCfg = Release|Any CPU
		{70F98888-5F9F-4A84-A2F0-83AF56419FDD}.Release|x64.Build.0 = Release|Any CPU
		{70F98888-5F9F-4A84-A2F0-83AF56419FDD}.Release|x86.ActiveCfg = Release|Any CPU
		{70F98888-5F9F-4A84-A2F0-83AF56419FDD}.Release|x86.Build.0 = Release|Any CPU
		{3FCB561B-4C15-4D4A-818D-A982C4342D5F}.Ad-Hoc|Any CPU.ActiveCfg = Release|Any CPU
		{3FCB561B-4C15-4D4A-818D-A982C4342D5F}.Ad-Hoc|Any CPU.Build.0 = Release|Any CPU
		{3FCB561B-4C15-4D4A-818D-A982C4342D5F}.Ad-Hoc|ARM.ActiveCfg = Release|Any CPU
		{3FCB561B-4C15-4D4A-818D-A982C4342D5F}.Ad-Hoc|ARM.Build.0 = Release|Any CPU
		{3FCB561B-4C15-4D4A-818D-A982C4342D5F}.Ad-Hoc|iPhone.ActiveCfg = Release|Any CPU
		{3FCB561B-4C15-4D4A-818D-A982C4342D5F}.Ad-Hoc|iPhone.Build.0 = Release|Any CPU
		{3FCB561B-4C15-4D4A-818D-A982C4342D5F}.Ad-Hoc|iPhoneSimulator.ActiveCfg = Release|Any CPU
		{3FCB561B-4C15-4D4A-818D-A982C4342D5F}.Ad-Hoc|iPhoneSimulator.Build.0 = Release|Any CPU
		{3FCB561B-4C15-4D4A-818D-A982C4342D5F}.Ad-Hoc|x64.ActiveCfg = Release|Any CPU
		{3FCB561B-4C15-4D4A-818D-A982C4342D5F}.Ad-Hoc|x64.Build.0 = Release|Any CPU
		{3FCB561B-4C15-4D4A-818D-A982C4342D5F}.Ad-Hoc|x86.ActiveCfg = Release|Any CPU
		{3FCB561B-4C15-4D4A-818D-A982C4342D5F}.Ad-Hoc|x86.Build.0 = Release|Any CPU
		{3FCB561B-4C15-4D4A-818D-A982C4342D5F}.AppStore|Any CPU.ActiveCfg = Release|Any CPU
		{3FCB561B-4C15-4D4A-818D-A982C4342D5F}.AppStore|Any CPU.Build.0 = Release|Any CPU
		{3FCB561B-4C15-4D4A-818D-A982C4342D5F}.AppStore|ARM.ActiveCfg = Release|Any CPU
		{3FCB561B-4C15-4D4A-818D-A982C4342D5F}.AppStore|ARM.Build.0 = Release|Any CPU
		{3FCB561B-4C15-4D4A-818D-A982C4342D5F}.AppStore|iPhone.ActiveCfg = Release|Any CPU
		{3FCB561B-4C15-4D4A-818D-A982C4342D5F}.AppStore|iPhone.Build.0 = Release|Any CPU
		{3FCB561B-4C15-4D4A-818D-A982C4342D5F}.AppStore|iPhoneSimulator.ActiveCfg = Release|Any CPU
		{3FCB561B-4C15-4D4A-818D-A982C4342D5F}.AppStore|iPhoneSimulator.Build.0 = Release|Any CPU
		{3FCB561B-4C15-4D4A-818D-A982C4342D5F}.AppStore|x64.ActiveCfg = Release|Any CPU
		{3FCB561B-4C15-4D4A-818D-A982C4342D5F}.AppStore|x64.Build.0 = Release|Any CPU
		{3FCB561B-4C15-4D4A-818D-A982C4342D5F}.AppStore|x86.ActiveCfg = Release|Any CPU
		{3FCB561B-4C15-4D4A-818D-A982C4342D5F}.AppStore|x86.Build.0 = Release|Any CPU
		{3FCB561B-4C15-4D4A-818D-A982C4342D5F}.Debug|Any CPU.ActiveCfg = Debug|Any CPU
		{3FCB561B-4C15-4D4A-818D-A982C4342D5F}.Debug|Any CPU.Build.0 = Debug|Any CPU
		{3FCB561B-4C15-4D4A-818D-A982C4342D5F}.Debug|ARM.ActiveCfg = Debug|Any CPU
		{3FCB561B-4C15-4D4A-818D-A982C4342D5F}.Debug|ARM.Build.0 = Debug|Any CPU
		{3FCB561B-4C15-4D4A-818D-A982C4342D5F}.Debug|iPhone.ActiveCfg = Debug|Any CPU
		{3FCB561B-4C15-4D4A-818D-A982C4342D5F}.Debug|iPhone.Build.0 = Debug|Any CPU
		{3FCB561B-4C15-4D4A-818D-A982C4342D5F}.Debug|iPhoneSimulator.ActiveCfg = Debug|Any CPU
		{3FCB561B-4C15-4D4A-818D-A982C4342D5F}.Debug|iPhoneSimulator.Build.0 = Debug|Any CPU
		{3FCB561B-4C15-4D4A-818D-A982C4342D5F}.Debug|x64.ActiveCfg = Debug|Any CPU
		{3FCB561B-4C15-4D4A-818D-A982C4342D5F}.Debug|x64.Build.0 = Debug|Any CPU
		{3FCB561B-4C15-4D4A-818D-A982C4342D5F}.Debug|x86.ActiveCfg = Debug|Any CPU
		{3FCB561B-4C15-4D4A-818D-A982C4342D5F}.Debug|x86.Build.0 = Debug|Any CPU
		{3FCB561B-4C15-4D4A-818D-A982C4342D5F}.Release|Any CPU.ActiveCfg = Release|Any CPU
		{3FCB561B-4C15-4D4A-818D-A982C4342D5F}.Release|Any CPU.Build.0 = Release|Any CPU
		{3FCB561B-4C15-4D4A-818D-A982C4342D5F}.Release|ARM.ActiveCfg = Release|Any CPU
		{3FCB561B-4C15-4D4A-818D-A982C4342D5F}.Release|ARM.Build.0 = Release|Any CPU
		{3FCB561B-4C15-4D4A-818D-A982C4342D5F}.Release|iPhone.ActiveCfg = Release|Any CPU
		{3FCB561B-4C15-4D4A-818D-A982C4342D5F}.Release|iPhone.Build.0 = Release|Any CPU
		{3FCB561B-4C15-4D4A-818D-A982C4342D5F}.Release|iPhoneSimulator.ActiveCfg = Release|Any CPU
		{3FCB561B-4C15-4D4A-818D-A982C4342D5F}.Release|iPhoneSimulator.Build.0 = Release|Any CPU
		{3FCB561B-4C15-4D4A-818D-A982C4342D5F}.Release|x64.ActiveCfg = Release|Any CPU
		{3FCB561B-4C15-4D4A-818D-A982C4342D5F}.Release|x64.Build.0 = Release|Any CPU
		{3FCB561B-4C15-4D4A-818D-A982C4342D5F}.Release|x86.ActiveCfg = Release|Any CPU
		{3FCB561B-4C15-4D4A-818D-A982C4342D5F}.Release|x86.Build.0 = Release|Any CPU
		{9BF0F790-4BC7-4864-A78D-2BA0D27088A1}.Ad-Hoc|Any CPU.ActiveCfg = Release|x64
		{9BF0F790-4BC7-4864-A78D-2BA0D27088A1}.Ad-Hoc|Any CPU.Build.0 = Release|x64
		{9BF0F790-4BC7-4864-A78D-2BA0D27088A1}.Ad-Hoc|Any CPU.Deploy.0 = Release|x64
		{9BF0F790-4BC7-4864-A78D-2BA0D27088A1}.Ad-Hoc|ARM.ActiveCfg = Release|ARM
		{9BF0F790-4BC7-4864-A78D-2BA0D27088A1}.Ad-Hoc|ARM.Build.0 = Release|ARM
		{9BF0F790-4BC7-4864-A78D-2BA0D27088A1}.Ad-Hoc|ARM.Deploy.0 = Release|ARM
		{9BF0F790-4BC7-4864-A78D-2BA0D27088A1}.Ad-Hoc|ARM64.ActiveCfg = Release|ARM64
		{9BF0F790-4BC7-4864-A78D-2BA0D27088A1}.Ad-Hoc|ARM64.Build.0 = Release|ARM64
		{9BF0F790-4BC7-4864-A78D-2BA0D27088A1}.Ad-Hoc|ARM64.Deploy.0 = Release|ARM64
		{9BF0F790-4BC7-4864-A78D-2BA0D27088A1}.Ad-Hoc|iPhone.ActiveCfg = Release|x64
		{9BF0F790-4BC7-4864-A78D-2BA0D27088A1}.Ad-Hoc|iPhone.Build.0 = Release|x64
		{9BF0F790-4BC7-4864-A78D-2BA0D27088A1}.Ad-Hoc|iPhone.Deploy.0 = Release|x64
		{9BF0F790-4BC7-4864-A78D-2BA0D27088A1}.Ad-Hoc|iPhoneSimulator.ActiveCfg = Release|x64
		{9BF0F790-4BC7-4864-A78D-2BA0D27088A1}.Ad-Hoc|iPhoneSimulator.Build.0 = Release|x64
		{9BF0F790-4BC7-4864-A78D-2BA0D27088A1}.Ad-Hoc|iPhoneSimulator.Deploy.0 = Release|x64
		{9BF0F790-4BC7-4864-A78D-2BA0D27088A1}.Ad-Hoc|x64.ActiveCfg = Release|x64
		{9BF0F790-4BC7-4864-A78D-2BA0D27088A1}.Ad-Hoc|x64.Build.0 = Release|x64
		{9BF0F790-4BC7-4864-A78D-2BA0D27088A1}.Ad-Hoc|x64.Deploy.0 = Release|x64
		{9BF0F790-4BC7-4864-A78D-2BA0D27088A1}.Ad-Hoc|x86.ActiveCfg = Release|x86
		{9BF0F790-4BC7-4864-A78D-2BA0D27088A1}.Ad-Hoc|x86.Build.0 = Release|x86
		{9BF0F790-4BC7-4864-A78D-2BA0D27088A1}.Ad-Hoc|x86.Deploy.0 = Release|x86
		{9BF0F790-4BC7-4864-A78D-2BA0D27088A1}.AppStore|Any CPU.ActiveCfg = Release|x64
		{9BF0F790-4BC7-4864-A78D-2BA0D27088A1}.AppStore|Any CPU.Build.0 = Release|x64
		{9BF0F790-4BC7-4864-A78D-2BA0D27088A1}.AppStore|Any CPU.Deploy.0 = Release|x64
		{9BF0F790-4BC7-4864-A78D-2BA0D27088A1}.AppStore|ARM.ActiveCfg = Release|ARM
		{9BF0F790-4BC7-4864-A78D-2BA0D27088A1}.AppStore|ARM.Build.0 = Release|ARM
		{9BF0F790-4BC7-4864-A78D-2BA0D27088A1}.AppStore|ARM.Deploy.0 = Release|ARM
		{9BF0F790-4BC7-4864-A78D-2BA0D27088A1}.AppStore|ARM64.ActiveCfg = Release|ARM64
		{9BF0F790-4BC7-4864-A78D-2BA0D27088A1}.AppStore|ARM64.Build.0 = Release|ARM64
		{9BF0F790-4BC7-4864-A78D-2BA0D27088A1}.AppStore|ARM64.Deploy.0 = Release|ARM64
		{9BF0F790-4BC7-4864-A78D-2BA0D27088A1}.AppStore|iPhone.ActiveCfg = Release|x64
		{9BF0F790-4BC7-4864-A78D-2BA0D27088A1}.AppStore|iPhone.Build.0 = Release|x64
		{9BF0F790-4BC7-4864-A78D-2BA0D27088A1}.AppStore|iPhone.Deploy.0 = Release|x64
		{9BF0F790-4BC7-4864-A78D-2BA0D27088A1}.AppStore|iPhoneSimulator.ActiveCfg = Release|x64
		{9BF0F790-4BC7-4864-A78D-2BA0D27088A1}.AppStore|iPhoneSimulator.Build.0 = Release|x64
		{9BF0F790-4BC7-4864-A78D-2BA0D27088A1}.AppStore|iPhoneSimulator.Deploy.0 = Release|x64
		{9BF0F790-4BC7-4864-A78D-2BA0D27088A1}.AppStore|x64.ActiveCfg = Release|x64
		{9BF0F790-4BC7-4864-A78D-2BA0D27088A1}.AppStore|x64.Build.0 = Release|x64
		{9BF0F790-4BC7-4864-A78D-2BA0D27088A1}.AppStore|x64.Deploy.0 = Release|x64
		{9BF0F790-4BC7-4864-A78D-2BA0D27088A1}.AppStore|x86.ActiveCfg = Release|x86
		{9BF0F790-4BC7-4864-A78D-2BA0D27088A1}.AppStore|x86.Build.0 = Release|x86
		{9BF0F790-4BC7-4864-A78D-2BA0D27088A1}.AppStore|x86.Deploy.0 = Release|x86
		{9BF0F790-4BC7-4864-A78D-2BA0D27088A1}.Debug|Any CPU.ActiveCfg = Debug|x86
		{9BF0F790-4BC7-4864-A78D-2BA0D27088A1}.Debug|ARM.ActiveCfg = Debug|ARM
		{9BF0F790-4BC7-4864-A78D-2BA0D27088A1}.Debug|ARM.Build.0 = Debug|ARM
		{9BF0F790-4BC7-4864-A78D-2BA0D27088A1}.Debug|ARM.Deploy.0 = Debug|ARM
		{9BF0F790-4BC7-4864-A78D-2BA0D27088A1}.Debug|ARM64.ActiveCfg = Debug|ARM64
		{9BF0F790-4BC7-4864-A78D-2BA0D27088A1}.Debug|ARM64.Build.0 = Debug|ARM64
		{9BF0F790-4BC7-4864-A78D-2BA0D27088A1}.Debug|ARM64.Deploy.0 = Debug|ARM64
		{9BF0F790-4BC7-4864-A78D-2BA0D27088A1}.Debug|iPhone.ActiveCfg = Debug|x86
		{9BF0F790-4BC7-4864-A78D-2BA0D27088A1}.Debug|iPhoneSimulator.ActiveCfg = Debug|x86
		{9BF0F790-4BC7-4864-A78D-2BA0D27088A1}.Debug|x64.ActiveCfg = Debug|x64
		{9BF0F790-4BC7-4864-A78D-2BA0D27088A1}.Debug|x64.Build.0 = Debug|x64
		{9BF0F790-4BC7-4864-A78D-2BA0D27088A1}.Debug|x64.Deploy.0 = Debug|x64
		{9BF0F790-4BC7-4864-A78D-2BA0D27088A1}.Debug|x86.ActiveCfg = Debug|x86
		{9BF0F790-4BC7-4864-A78D-2BA0D27088A1}.Debug|x86.Build.0 = Debug|x86
		{9BF0F790-4BC7-4864-A78D-2BA0D27088A1}.Debug|x86.Deploy.0 = Debug|x86
		{9BF0F790-4BC7-4864-A78D-2BA0D27088A1}.Release|Any CPU.ActiveCfg = Release|x86
		{9BF0F790-4BC7-4864-A78D-2BA0D27088A1}.Release|ARM.ActiveCfg = Release|ARM
		{9BF0F790-4BC7-4864-A78D-2BA0D27088A1}.Release|ARM.Build.0 = Release|ARM
		{9BF0F790-4BC7-4864-A78D-2BA0D27088A1}.Release|ARM.Deploy.0 = Release|ARM
		{9BF0F790-4BC7-4864-A78D-2BA0D27088A1}.Release|ARM64.ActiveCfg = Release|ARM64
		{9BF0F790-4BC7-4864-A78D-2BA0D27088A1}.Release|ARM64.Build.0 = Release|ARM64
		{9BF0F790-4BC7-4864-A78D-2BA0D27088A1}.Release|ARM64.Deploy.0 = Release|ARM64
		{9BF0F790-4BC7-4864-A78D-2BA0D27088A1}.Release|iPhone.ActiveCfg = Release|x86
		{9BF0F790-4BC7-4864-A78D-2BA0D27088A1}.Release|iPhoneSimulator.ActiveCfg = Release|x86
		{9BF0F790-4BC7-4864-A78D-2BA0D27088A1}.Release|x64.ActiveCfg = Release|x64
		{9BF0F790-4BC7-4864-A78D-2BA0D27088A1}.Release|x64.Build.0 = Release|x64
		{9BF0F790-4BC7-4864-A78D-2BA0D27088A1}.Release|x64.Deploy.0 = Release|x64
		{9BF0F790-4BC7-4864-A78D-2BA0D27088A1}.Release|x86.ActiveCfg = Release|x86
		{9BF0F790-4BC7-4864-A78D-2BA0D27088A1}.Release|x86.Build.0 = Release|x86
		{9BF0F790-4BC7-4864-A78D-2BA0D27088A1}.Release|x86.Deploy.0 = Release|x86
	EndGlobalSection
	GlobalSection(SolutionProperties) = preSolution
		HideSolutionNode = FALSE
	EndGlobalSection
	GlobalSection(ExtensibilityGlobals) = postSolution
		SolutionGuid = {F6D05029-56B8-4E45-AF2D-0E76295DDBA2}
	EndGlobalSection
EndGlobal
